<?xml version="1.0" encoding="utf-8"?>
<Project ToolsVersion="4.0" xmlns="http://schemas.microsoft.com/developer/msbuild/2003">
  <ItemGroup>
    <Filter Include="源文件">
      <UniqueIdentifier>{4FC737F1-C7A5-4376-A066-2A32D752A2FF}</UniqueIdentifier>
      <Extensions>cpp;c;cc;cxx;def;odl;idl;hpj;bat;asm;asmx</Extensions>
    </Filter>
    <Filter Include="头文件">
      <UniqueIdentifier>{93995380-89BD-4b04-88EB-625FBE52EBFB}</UniqueIdentifier>
      <Extensions>h;hh;hpp;hxx;hm;inl;inc;xsd</Extensions>
    </Filter>
    <Filter Include="资源文件">
      <UniqueIdentifier>{67DA6AB6-F800-4c08-8B7A-83BB121AAD01}</UniqueIdentifier>
      <Extensions>rc;ico;cur;bmp;dlg;rc2;rct;bin;rgs;gif;jpg;jpeg;jpe;resx;tiff;tif;png;wav;mfcribbon-ms</Extensions>
    </Filter>
    <Filter Include="Share">
      <UniqueIdentifier>{3dc243b6-6561-44ac-b864-1917e134111f}</UniqueIdentifier>
    </Filter>
    <Filter Include="Course">
      <UniqueIdentifier>{7189e50e-b24a-4ce2-95e2-8cf5fb643417}</UniqueIdentifier>
    </Filter>
  </ItemGroup>
  <ItemGroup>
    <ClCompile Include="main.cpp">
      <Filter>源文件</Filter>
    </ClCompile>
    <ClCompile Include="tcp_client.cpp">
      <Filter>源文件</Filter>
    </ClCompile>
    <ClCompile Include="..\Course\net_common.cpp">
      <Filter>Course</Filter>
    </ClCompile>
    <ClCompile Include="..\Share\io_service_pool.cpp">
      <Filter>Share</Filter>
    </ClCompile>
    <ClCompile Include="..\Share\tcp_message.cpp">
      <Filter>Share</Filter>
    </ClCompile>
    <ClCompile Include="..\Share\tcp_session.cpp">
      <Filter>Share</Filter>
    </ClCompile>
    <ClCompile Include="client_network.cpp">
      <Filter>源文件</Filter>
    </ClCompile>
  </ItemGroup>
  <ItemGroup>
    <ClInclude Include="tcp_client.h">
      <Filter>头文件</Filter>
    </ClInclude>
    <ClInclude Include="..\Course\net_common.h">
      <Filter>Course</Filter>
    </ClInclude>
    <ClInclude Include="..\Course\packet_factory.h">
      <Filter>Course</Filter>
    </ClInclude>
    <ClInclude Include="..\Course\packet_type.h">
      <Filter>Course</Filter>
    </ClInclude>
    <ClInclude Include="..\Course\serial_packet.h">
      <Filter>Course</Filter>
    </ClInclude>
    <ClInclude Include="..\Course\test_packet.h">
      <Filter>Course</Filter>
    </ClInclude>
    <ClInclude Include="..\Share\io_service_pool.h">
      <Filter>Share</Filter>
    </ClInclude>
    <ClInclude Include="..\Share\job_queue.hpp">
      <Filter>Share</Filter>
    </ClInclude>
    <ClInclude Include="..\Share\msg_def.h">
      <Filter>Share</Filter>
    </ClInclude>
    <ClInclude Include="..\Share\safe_atom.hpp">
      <Filter>Share</Filter>
    </ClInclude>
    <ClInclude Include="..\Share\safe_container.hpp">
      <Filter>Share</Filter>
    </ClInclude>
    <ClInclude Include="..\Share\safe_vector.hpp">
      <Filter>Share</Filter>
    </ClInclude>
    <ClInclude Include="..\Share\scheduler.hpp">
      <Filter>Share</Filter>
    </ClInclude>
    <ClInclude Include="..\Share\tcp_common.hpp">
      <Filter>Share</Filter>
    </ClInclude>
    <ClInclude Include="..\Share\tcp_message.h">
      <Filter>Share</Filter>
    </ClInclude>
    <ClInclude Include="..\Share\tcp_session.h">
      <Filter>Share</Filter>
    </ClInclude>
    <ClInclude Include="..\Share\worker.hpp">
      <Filter>Share</Filter>
    </ClInclude>
    <ClInclude Include="client_network.h">
      <Filter>头文件</Filter>
    </ClInclude>
  </ItemGroup>
</Project>